# THIS IS AN AUTOGENERATED FILE. DO NOT EDIT THIS FILE DIRECTLY.
# yarn lockfile v1


bs-platform@^8.0.3:
  version "8.0.3"
  resolved "https://registry.yarnpkg.com/bs-platform/-/bs-platform-8.0.3.tgz#574e41ec04fee381d4c400dac547735368caa48f"
  integrity sha512-I7wulOPM0/NGamwm9CDh9rGjW1oIKltPwwEIOJrL8DBFRXI8OFSACtWGlpaoOw76Xpf+KcVokr00keS2NlzA3A==

phoenix@^1.5.4:
  version "1.5.4"
  resolved "https://registry.yarnpkg.com/phoenix/-/phoenix-1.5.4.tgz#d42bb537f03f55076b4e7a6757fe29318a8439f0"
  integrity sha512-mTxseCKWDgrBQRIriqzvxL+QH5xruu6KQPqFdDx0jrdu/nqWCo914MLihVksn7SV2Bol3T+e/VtovJgC5UZT+w==
